
Microsoft Visual Studio Solution File, Format Version 12.00
# Visual Studio Version 17
VisualStudioVersion = 17.3.32804.467
MinimumVisualStudioVersion = 10.0.40219.1
Project("{9A19103F-16F7-4668-BE54-9A1E7A4F7556}") = "Demo.Api.First", "src\Demo.Api.First\Demo.Api.First.csproj", "{F713AC34-9639-41ED-8FAF-37FFEBC49D6C}"
EndProject
Project("{9A19103F-16F7-4668-BE54-9A1E7A4F7556}") = "Demo.Api.Second", "src\Demo.Api.Second\Demo.Api.Second.csproj", "{A7CE96EC-7501-4597-A390-1C6974C4A497}"
EndProject
Project("{2150E333-8FDC-42A3-9474-1A3956D46DE8}") = "API", "API", "{82713F66-7EE3-4ABC-85F5-FCD42F6ACAE6}"
EndProject
Project("{2150E333-8FDC-42A3-9474-1A3956D46DE8}") = "UI", "UI", "{D7EB0E48-7A43-465A-B70B-2FA0B161A786}"
EndProject
Project("{9A19103F-16F7-4668-BE54-9A1E7A4F7556}") = "Demo.Ui.WebUi", "src\Demo.Ui.WebUi\Demo.Ui.WebUi.csproj", "{5C0490A4-05D8-4872-B4D4-CE992A83330B}"
EndProject
Project("{2150E333-8FDC-42A3-9474-1A3956D46DE8}") = "Identity", "Identity", "{135C0809-CF65-4828-9192-79B705FA1D06}"
EndProject
Project("{2150E333-8FDC-42A3-9474-1A3956D46DE8}") = "InitContainers", "InitContainers", "{A2727F08-717F-4F1B-A2E4-D5F2E61FB4F2}"
EndProject
Project("{FAE04EC0-301F-11D3-BF4B-00C04F79EFBC}") = "Demo.Identity.RegisterAppResource", "src\Demo.Identity.RegisterAppResource\Demo.Identity.RegisterAppResource.csproj", "{F9620207-733A-4E8D-B2E4-498BF5EBD703}"
EndProject
Project("{9A19103F-16F7-4668-BE54-9A1E7A4F7556}") = "Demo.Identity.RegisterApiResource", "src\Demo.Identity.RegisterApiResource\Demo.Identity.RegisterApiResource.csproj", "{7910C84A-7A06-4AFB-8022-3DABE8FAE8B8}"
EndProject
Project("{FAE04EC0-301F-11D3-BF4B-00C04F79EFBC}") = "Demo.Identity.Management", "src\Demo.Identity.Management\Demo.Identity.Management.csproj", "{FD4246C9-4CEC-446F-B4E7-D36DA1525ECE}"
EndProject
Global
	GlobalSection(SolutionConfigurationPlatforms) = preSolution
		Debug|Any CPU = Debug|Any CPU
		Release|Any CPU = Release|Any CPU
	EndGlobalSection
	GlobalSection(ProjectConfigurationPlatforms) = postSolution
		{F713AC34-9639-41ED-8FAF-37FFEBC49D6C}.Debug|Any CPU.ActiveCfg = Debug|Any CPU
		{F713AC34-9639-41ED-8FAF-37FFEBC49D6C}.Debug|Any CPU.Build.0 = Debug|Any CPU
		{F713AC34-9639-41ED-8FAF-37FFEBC49D6C}.Release|Any CPU.ActiveCfg = Release|Any CPU
		{F713AC34-9639-41ED-8FAF-37FFEBC49D6C}.Release|Any CPU.Build.0 = Release|Any CPU
		{A7CE96EC-7501-4597-A390-1C6974C4A497}.Debug|Any CPU.ActiveCfg = Debug|Any CPU
		{A7CE96EC-7501-4597-A390-1C6974C4A497}.Debug|Any CPU.Build.0 = Debug|Any CPU
		{A7CE96EC-7501-4597-A390-1C6974C4A497}.Release|Any CPU.ActiveCfg = Release|Any CPU
		{A7CE96EC-7501-4597-A390-1C6974C4A497}.Release|Any CPU.Build.0 = Release|Any CPU
		{5C0490A4-05D8-4872-B4D4-CE992A83330B}.Debug|Any CPU.ActiveCfg = Debug|Any CPU
		{5C0490A4-05D8-4872-B4D4-CE992A83330B}.Debug|Any CPU.Build.0 = Debug|Any CPU
		{5C0490A4-05D8-4872-B4D4-CE992A83330B}.Release|Any CPU.ActiveCfg = Release|Any CPU
		{5C0490A4-05D8-4872-B4D4-CE992A83330B}.Release|Any CPU.Build.0 = Release|Any CPU
		{F9620207-733A-4E8D-B2E4-498BF5EBD703}.Debug|Any CPU.ActiveCfg = Debug|Any CPU
		{F9620207-733A-4E8D-B2E4-498BF5EBD703}.Debug|Any CPU.Build.0 = Debug|Any CPU
		{F9620207-733A-4E8D-B2E4-498BF5EBD703}.Release|Any CPU.ActiveCfg = Release|Any CPU
		{F9620207-733A-4E8D-B2E4-498BF5EBD703}.Release|Any CPU.Build.0 = Release|Any CPU
		{7910C84A-7A06-4AFB-8022-3DABE8FAE8B8}.Debug|Any CPU.ActiveCfg = Debug|Any CPU
		{7910C84A-7A06-4AFB-8022-3DABE8FAE8B8}.Debug|Any CPU.Build.0 = Debug|Any CPU
		{7910C84A-7A06-4AFB-8022-3DABE8FAE8B8}.Release|Any CPU.ActiveCfg = Release|Any CPU
		{7910C84A-7A06-4AFB-8022-3DABE8FAE8B8}.Release|Any CPU.Build.0 = Release|Any CPU
		{FD4246C9-4CEC-446F-B4E7-D36DA1525ECE}.Debug|Any CPU.ActiveCfg = Debug|Any CPU
		{FD4246C9-4CEC-446F-B4E7-D36DA1525ECE}.Debug|Any CPU.Build.0 = Debug|Any CPU
		{FD4246C9-4CEC-446F-B4E7-D36DA1525ECE}.Release|Any CPU.ActiveCfg = Release|Any CPU
		{FD4246C9-4CEC-446F-B4E7-D36DA1525ECE}.Release|Any CPU.Build.0 = Release|Any CPU
	EndGlobalSection
	GlobalSection(SolutionProperties) = preSolution
		HideSolutionNode = FALSE
	EndGlobalSection
	GlobalSection(NestedProjects) = preSolution
		{F713AC34-9639-41ED-8FAF-37FFEBC49D6C} = {82713F66-7EE3-4ABC-85F5-FCD42F6ACAE6}
		{A7CE96EC-7501-4597-A390-1C6974C4A497} = {82713F66-7EE3-4ABC-85F5-FCD42F6ACAE6}
		{5C0490A4-05D8-4872-B4D4-CE992A83330B} = {D7EB0E48-7A43-465A-B70B-2FA0B161A786}
		{A2727F08-717F-4F1B-A2E4-D5F2E61FB4F2} = {135C0809-CF65-4828-9192-79B705FA1D06}
		{F9620207-733A-4E8D-B2E4-498BF5EBD703} = {A2727F08-717F-4F1B-A2E4-D5F2E61FB4F2}
		{7910C84A-7A06-4AFB-8022-3DABE8FAE8B8} = {A2727F08-717F-4F1B-A2E4-D5F2E61FB4F2}
		{FD4246C9-4CEC-446F-B4E7-D36DA1525ECE} = {A2727F08-717F-4F1B-A2E4-D5F2E61FB4F2}
	EndGlobalSection
	GlobalSection(ExtensibilityGlobals) = postSolution
		SolutionGuid = {850209DD-4D4A-4E93-A4A8-950463E9EA11}
	EndGlobalSection
EndGlobal
